{
  "requires": true,
  "lockfileVersion": 1,
  "dependencies": {
    "@angular/common": {
      "version": "2.2.4",
      "resolved": "https://registry.npmjs.org/@angular/common/-/common-2.2.4.tgz",
      "integrity": "sha1-DnmMzoJrowTTspVWUnoaUx9AcVk="
    },
    "@angular/compiler": {
      "version": "2.2.4",
      "resolved": "https://registry.npmjs.org/@angular/compiler/-/compiler-2.2.4.tgz",
      "integrity": "sha1-QOjbX4AZOd3BoWMHnccbO+gaBq4="
    },
    "@angular/core": {
      "version": "2.2.4",
      "resolved": "https://registry.npmjs.org/@angular/core/-/core-2.2.4.tgz",
      "integrity": "sha1-0A1c/HNP1hDLr8FOsHSclX8ASqk="
    },
    "@angular/forms": {
      "version": "2.2.4",
      "resolved": "https://registry.npmjs.org/@angular/forms/-/forms-2.2.4.tgz",
      "integrity": "sha1-lfFcoZOIeSmMzA74o+nvXnUOMe8="
    },
    "@angular/http": {
      "version": "2.2.4",
      "resolved": "https://registry.npmjs.org/@angular/http/-/http-2.2.4.tgz",
      "integrity": "sha1-zP6z+AXgYo9rue+hKe9DLXlUjGM="
    },
    "@angular/platform-browser": {
      "version": "2.2.4",
      "resolved": "https://registry.npmjs.org/@angular/platform-browser/-/platform-browser-2.2.4.tgz",
      "integrity": "sha1-YEHgLH7WJiLJJgYIaVBnBfeftfs="
    },
    "@angular/platform-browser-dynamic": {
      "version": "2.2.4",
      "resolved": "https://registry.npmjs.org/@angular/platform-browser-dynamic/-/platform-browser-dynamic-2.2.4.tgz",
      "integrity": "sha1-SJXMA1qzk+yedOdoQhGpIJ6oaCU="
    },
    "@angular/router": {
      "version": "3.2.4",
      "resolved": "https://registry.npmjs.org/@angular/router/-/router-3.2.4.tgz",
      "integrity": "sha1-3+xxrQcuwDE2S6XQi9b+A/1b6tw="
    },
    "@types/lodash": {
      "version": "4.14.108",
      "resolved": "https://registry.npmjs.org/@types/lodash/-/lodash-4.14.108.tgz",
      "integrity": "sha512-WD2vUOKfBBVHxWUV9iMR9RMfpuf8HquxWeAq2yqGVL7Nc4JW2+sQama0pREMqzNI3Tutj0PyxYUJwuoxxvX+xA=="
    },
    "angular2-flash-message": {
      "version": "1.0.2",
      "resolved": "https://registry.npmjs.org/angular2-flash-message/-/angular2-flash-message-1.0.2.tgz",
      "integrity": "sha1-qJmioxXjbW2HQbD1purzS2KbQD0=",
      "requires": {
        "@angular/common": "2.2.4",
        "@angular/compiler": "2.2.4",
        "@angular/core": "2.2.4",
        "@angular/forms": "2.2.4",
        "@angular/http": "2.2.4",
        "@angular/platform-browser": "2.2.4",
        "@angular/platform-browser-dynamic": "2.2.4",
        "@angular/router": "3.2.4",
        "@types/lodash": "4.14.108",
        "lodash": "4.17.10",
        "rxjs": "5.0.0-rc.4",
        "zone.js": "0.7.2"
      }
    },
    "lodash": {
      "version": "4.17.10",
      "resolved": "https://registry.npmjs.org/lodash/-/lodash-4.17.10.tgz",
      "integrity": "sha512-UejweD1pDoXu+AD825lWwp4ZGtSwgnpZxb3JDViD7StjQz+Nb/6l093lx4OQ0foGWNRoc19mWy7BzL+UAK2iVg=="
    },
    "rxjs": {
      "version": "5.0.0-rc.4",
      "resolved": "https://registry.npmjs.org/rxjs/-/rxjs-5.0.0-rc.4.tgz",
      "integrity": "sha1-pNCLxdfzDUjtcTDimVSQwyajJcQ=",
      "requires": {
        "symbol-observable": "1.2.0"
      }
    },
    "symbol-observable": {
      "version": "1.2.0",
      "resolved": "https://registry.npmjs.org/symbol-observable/-/symbol-observable-1.2.0.tgz",
      "integrity": "sha512-e900nM8RRtGhlV36KGEU9k65K3mPb1WV70OdjfxlG2EAuM1noi/E/BaW/uMhL7bPEssK8QV57vN3esixjUvcXQ=="
    },
    "zone.js": {
      "version": "0.7.2",
      "resolved": "https://registry.npmjs.org/zone.js/-/zone.js-0.7.2.tgz",
      "integrity": "sha1-GmK2vksk0bk15FZrC0OGtmlm0ac="
    }
  }
}
